// !$*UTF8*$!
{
	archiveVersion = 1;
	classes = {
	};
	objectVersion = 50;
	objects = {

/* Begin PBXBuildFile section */
		2AC72C1725BB0D1800B4755F /* watcher_iosApp.swift in Sources */ = {isa = PBXBuildFile; fileRef = 2AC72C1625BB0D1800B4755F /* watcher_iosApp.swift */; };
		2AC72C1925BB0D1800B4755F /* ContentView.swift in Sources */ = {isa = PBXBuildFile; fileRef = 2AC72C1825BB0D1800B4755F /* ContentView.swift */; };
		2AC72C1B25BB0D1C00B4755F /* Assets.xcassets in Resources */ = {isa = PBXBuildFile; fileRef = 2AC72C1A25BB0D1C00B4755F /* Assets.xcassets */; };
		2AC72C1E25BB0D1C00B4755F /* Preview Assets.xcassets in Resources */ = {isa = PBXBuildFile; fileRef = 2AC72C1D25BB0D1C00B4755F /* Preview Assets.xcassets */; };
		2AC72C2925BB0D1C00B4755F /* watcher_iosTests.swift in Sources */ = {isa = PBXBuildFile; fileRef = 2AC72C2825BB0D1C00B4755F /* watcher_iosTests.swift */; };
		2AC72C3425BB0D1C00B4755F /* watcher_iosUITests.swift in Sources */ = {isa = PBXBuildFile; fileRef = 2AC72C3325BB0D1C00B4755F /* watcher_iosUITests.swift */; };
/* End PBXBuildFile section */

/* Begin PBXContainerItemProxy section */
		2AC72C2525BB0D1C00B4755F /* PBXContainerItemProxy */ = {
			isa = PBXContainerItemProxy;
			containerPortal = 2AC72C0B25BB0D1700B4755F /* Project object */;
			proxyType = 1;
			remoteGlobalIDString = 2AC72C1225BB0D1800B4755F;
			remoteInfo = "watcher-ios";
		};
		2AC72C3025BB0D1C00B4755F /* PBXContainerItemProxy */ = {
			isa = PBXContainerItemProxy;
			containerPortal = 2AC72C0B25BB0D1700B4755F /* Project object */;
			proxyType = 1;
			remoteGlobalIDString = 2AC72C1225BB0D1800B4755F;
			remoteInfo = "watcher-ios";
		};
/* End PBXContainerItemProxy section */

/* Begin PBXFileReference section */
		2AC72C1325BB0D1800B4755F /* watcher-ios.app */ = {isa = PBXFileReference; explicitFileType = wrapper.application; includeInIndex = 0; path = "watcher-ios.app"; sourceTree = BUILT_PRODUCTS_DIR; };
		2AC72C1625BB0D1800B4755F /* watcher_iosApp.swift */ = {isa = PBXFileReference; lastKnownFileType = sourcecode.swift; path = watcher_iosApp.swift; sourceTree = "<group>"; };
		2AC72C1825BB0D1800B4755F /* ContentView.swift */ = {isa = PBXFileReference; lastKnownFileType = sourcecode.swift; path = ContentView.swift; sourceTree = "<group>"; };
		2AC72C1A25BB0D1C00B4755F /* Assets.xcassets */ = {isa = PBXFileReference; lastKnownFileType = folder.assetcatalog; path = Assets.xcassets; sourceTree = "<group>"; };
		2AC72C1D25BB0D1C00B4755F /* Preview Assets.xcassets */ = {isa = PBXFileReference; lastKnownFileType = folder.assetcatalog; path = "Preview Assets.xcassets"; sourceTree = "<group>"; };
		2AC72C1F25BB0D1C00B4755F /* Info.plist */ = {isa = PBXFileReference; lastKnownFileType = text.plist.xml; path = Info.plist; sourceTree = "<group>"; };
		2AC72C2425BB0D1C00B4755F /* watcher-iosTests.xctest */ = {isa = PBXFileReference; explicitFileType = wrapper.cfbundle; includeInIndex = 0; path = "watcher-iosTests.xctest"; sourceTree = BUILT_PRODUCTS_DIR; };
		2AC72C2825BB0D1C00B4755F /* watcher_iosTests.swift */ = {isa = PBXFileReference; lastKnownFileType = sourcecode.swift; path = watcher_iosTests.swift; sourceTree = "<group>"; };
		2AC72C2A25BB0D1C00B4755F /* Info.plist */ = {isa = PBXFileReference; lastKnownFileType = text.plist.xml; path = Info.plist; sourceTree = "<group>"; };
		2AC72C2F25BB0D1C00B4755F /* watcher-iosUITests.xctest */ = {isa = PBXFileReference; explicitFileType = wrapper.cfbundle; includeInIndex = 0; path = "watcher-iosUITests.xctest"; sourceTree = BUILT_PRODUCTS_DIR; };
		2AC72C3325BB0D1C00B4755F /* watcher_iosUITests.swift */ = {isa = PBXFileReference; lastKnownFileType = sourcecode.swift; path = watcher_iosUITests.swift; sourceTree = "<group>"; };
		2AC72C3525BB0D1C00B4755F /* Info.plist */ = {isa = PBXFileReference; lastKnownFileType = text.plist.xml; path = Info.plist; sourceTree = "<group>"; };
/* End PBXFileReference section */

/* Begin PBXFrameworksBuildPhase section */
		2AC72C1025BB0D1800B4755F /* Frameworks */ = {
			isa = PBXFrameworksBuildPhase;
			buildActionMask = 2147483647;
			files = (
			);
			runOnlyForDeploymentPostprocessing = 0;
		};
		2AC72C2125BB0D1C00B4755F /* Frameworks */ = {
			isa = PBXFrameworksBuildPhase;
			buildActionMask = 2147483647;
			files = (
			);
			runOnlyForDeploymentPostprocessing = 0;
		};
		2AC72C2C25BB0D1C00B4755F /* Frameworks */ = {
			isa = PBXFrameworksBuildPhase;
			buildActionMask = 2147483647;
			files = (
			);
			runOnlyForDeploymentPostprocessing = 0;
		};
/* End PBXFrameworksBuildPhase section */

/* Begin PBXGroup section */
		2AC72C0A25BB0D1700B4755F = {
			isa = PBXGroup;
			children = (
				2AC72C1525BB0D1800B4755F /* watcher-ios */,
				2AC72C2725BB0D1C00B4755F /* watcher-iosTests */,
				2AC72C3225BB0D1C00B4755F /* watcher-iosUITests */,
				2AC72C1425BB0D1800B4755F /* Products */,
			);
			sourceTree = "<group>";
		};
		2AC72C1425BB0D1800B4755F /* Products */ = {
			isa = PBXGroup;
			children = (
				2AC72C1325BB0D1800B4755F /* watcher-ios.app */,
				2AC72C2425BB0D1C00B4755F /* watcher-iosTests.xctest */,
				2AC72C2F25BB0D1C00B4755F /* watcher-iosUITests.xctest */,
			);
			name = Products;
			sourceTree = "<group>";
		};
		2AC72C1525BB0D1800B4755F /* watcher-ios */ = {
			isa = PBXGroup;
			children = (
				2AC72C1625BB0D1800B4755F /* watcher_iosApp.swift */,
				2AC72C1825BB0D1800B4755F /* ContentView.swift */,
				2AC72C1A25BB0D1C00B4755F /* Assets.xcassets */,
				2AC72C1F25BB0D1C00B4755F /* Info.plist */,
				2AC72C1C25BB0D1C00B4755F /* Preview Content */,
			);
			path = "watcher-ios";
			sourceTree = "<group>";
		};
		2AC72C1C25BB0D1C00B4755F /* Preview Content */ = {
			isa = PBXGroup;
			children = (
				2AC72C1D25BB0D1C00B4755F /* Preview Assets.xcassets */,
			);
			path = "Preview Content";
			sourceTree = "<group>";
		};
		2AC72C2725BB0D1C00B4755F /* watcher-iosTests */ = {
			isa = PBXGroup;
			children = (
				2AC72C2825BB0D1C00B4755F /* watcher_iosTests.swift */,
				2AC72C2A25BB0D1C00B4755F /* Info.plist */,
			);
			path = "watcher-iosTests";
			sourceTree = "<group>";
		};
		2AC72C3225BB0D1C00B4755F /* watcher-iosUITests */ = {
			isa = PBXGroup;
			children = (
				2AC72C3325BB0D1C00B4755F /* watcher_iosUITests.swift */,
				2AC72C3525BB0D1C00B4755F /* Info.plist */,
			);
			path = "watcher-iosUITests";
			sourceTree = "<group>";
		};
/* End PBXGroup section */

/* Begin PBXNativeTarget section */
		2AC72C1225BB0D1800B4755F /* watcher-ios */ = {
			isa = PBXNativeTarget;
			buildConfigurationList = 2AC72C3825BB0D1C00B4755F /* Build configuration list for PBXNativeTarget "watcher-ios" */;
			buildPhases = (
				2AC72C0F25BB0D1800B4755F /* Sources */,
				2AC72C1025BB0D1800B4755F /* Frameworks */,
				2AC72C1125BB0D1800B4755F /* Resources */,
			);
			buildRules = (
			);
			dependencies = (
			);
			name = "watcher-ios";
			productName = "watcher-ios";
			productReference = 2AC72C1325BB0D1800B4755F /* watcher-ios.app */;
			productType = "com.apple.product-type.application";
		};
		2AC72C2325BB0D1C00B4755F /* watcher-iosTests */ = {
			isa = PBXNativeTarget;
			buildConfigurationList = 2AC72C3B25BB0D1C00B4755F /* Build configuration list for PBXNativeTarget "watcher-iosTests" */;
			buildPhases = (
				2AC72C2025BB0D1C00B4755F /* Sources */,
				2AC72C2125BB0D1C00B4755F /* Frameworks */,
				2AC72C2225BB0D1C00B4755F /* Resources */,
			);
			buildRules = (
			);
			dependencies = (
				2AC72C2625BB0D1C00B4755F /* PBXTargetDependency */,
			);
			name = "watcher-iosTests";
			productName = "watcher-iosTests";
			productReference = 2AC72C2425BB0D1C00B4755F /* watcher-iosTests.xctest */;
			productType = "com.apple.product-type.bundle.unit-test";
		};
		2AC72C2E25BB0D1C00B4755F /* watcher-iosUITests */ = {
			isa = PBXNativeTarget;
			buildConfigurationList = 2AC72C3E25BB0D1C00B4755F /* Build configuration list for PBXNativeTarget "watcher-iosUITests" */;
			buildPhases = (
				2AC72C2B25BB0D1C00B4755F /* Sources */,
				2AC72C2C25BB0D1C00B4755F /* Frameworks */,
				2AC72C2D25BB0D1C00B4755F /* Resources */,
			);
			buildRules = (
			);
			dependencies = (
				2AC72C3125BB0D1C00B4755F /* PBXTargetDependency */,
			);
			name = "watcher-iosUITests";
			productName = "watcher-iosUITests";
			productReference = 2AC72C2F25BB0D1C00B4755F /* watcher-iosUITests.xctest */;
			productType = "com.apple.product-type.bundle.ui-testing";
		};
/* End PBXNativeTarget section */

/* Begin PBXProject section */
		2AC72C0B25BB0D1700B4755F /* Project object */ = {
			isa = PBXProject;
			attributes = {
				LastSwiftUpdateCheck = 1230;
				LastUpgradeCheck = 1230;
				TargetAttributes = {
					2AC72C1225BB0D1800B4755F = {
						CreatedOnToolsVersion = 12.3;
					};
					2AC72C2325BB0D1C00B4755F = {
						CreatedOnToolsVersion = 12.3;
						TestTargetID = 2AC72C1225BB0D1800B4755F;
					};
					2AC72C2E25BB0D1C00B4755F = {
						CreatedOnToolsVersion = 12.3;
						TestTargetID = 2AC72C1225BB0D1800B4755F;
					};
				};
			};
			buildConfigurationList = 2AC72C0E25BB0D1700B4755F /* Build configuration list for PBXProject "watcher-ios" */;
			compatibilityVersion = "Xcode 9.3";
			developmentRegion = en;
			hasScannedForEncodings = 0;
			knownRegions = (
				en,
				Base,
			);
			mainGroup = 2AC72C0A25BB0D1700B4755F;
			productRefGroup = 2AC72C1425BB0D1800B4755F /* Products */;
			projectDirPath = "";
			projectRoot = "";
			targets = (
				2AC72C1225BB0D1800B4755F /* watcher-ios */,
				2AC72C2325BB0D1C00B4755F /* watcher-iosTests */,
				2AC72C2E25BB0D1C00B4755F /* watcher-iosUITests */,
			);
		};
/* End PBXProject section */

/* Begin PBXResourcesBuildPhase section */
		2AC72C1125BB0D1800B4755F /* Resources */ = {
			isa = PBXResourcesBuildPhase;
			buildActionMask = 2147483647;
			files = (
				2AC72C1E25BB0D1C00B4755F /* Preview Assets.xcassets in Resources */,
				2AC72C1B25BB0D1C00B4755F /* Assets.xcassets in Resources */,
			);
			runOnlyForDeploymentPostprocessing = 0;
		};
		2AC72C2225BB0D1C00B4755F /* Resources */ = {
			isa = PBXResourcesBuildPhase;
			buildActionMask = 2147483647;
			files = (
			);
			runOnlyForDeploymentPostprocessing = 0;
		};
		2AC72C2D25BB0D1C00B4755F /* Resources */ = {
			isa = PBXResourcesBuildPhase;
			buildActionMask = 2147483647;
			files = (
			);
			runOnlyForDeploymentPostprocessing = 0;
		};
/* End PBXResourcesBuildPhase section */

/* Begin PBXSourcesBuildPhase section */
		2AC72C0F25BB0D1800B4755F /* Sources */ = {
			isa = PBXSourcesBuildPhase;
			buildActionMask = 2147483647;
			files = (
				2AC72C1925BB0D1800B4755F /* ContentView.swift in Sources */,
				2AC72C1725BB0D1800B4755F /* watcher_iosApp.swift in Sources */,
			);
			runOnlyForDeploymentPostprocessing = 0;
		};
		2AC72C2025BB0D1C00B4755F /* Sources */ = {
			isa = PBXSourcesBuildPhase;
			buildActionMask = 2147483647;
			files = (
				2AC72C2925BB0D1C00B4755F /* watcher_iosTests.swift in Sources */,
			);
			runOnlyForDeploymentPostprocessing = 0;
		};
		2AC72C2B25BB0D1C00B4755F /* Sources */ = {
			isa = PBXSourcesBuildPhase;
			buildActionMask = 2147483647;
			files = (
				2AC72C3425BB0D1C00B4755F /* watcher_iosUITests.swift in Sources */,
			);
			runOnlyForDeploymentPostprocessing = 0;
		};
/* End PBXSourcesBuildPhase section */

/* Begin PBXTargetDependency section */
		2AC72C2625BB0D1C00B4755F /* PBXTargetDependency */ = {
			isa = PBXTargetDependency;
			target = 2AC72C1225BB0D1800B4755F /* watcher-ios */;
			targetProxy = 2AC72C2525BB0D1C00B4755F /* PBXContainerItemProxy */;
		};
		2AC72C3125BB0D1C00B4755F /* PBXTargetDependency */ = {
			isa = PBXTargetDependency;
			target = 2AC72C1225BB0D1800B4755F /* watcher-ios */;
			targetProxy = 2AC72C3025BB0D1C00B4755F /* PBXContainerItemProxy */;
		};
/* End PBXTargetDependency section */

/* Begin XCBuildConfiguration section */
		2AC72C3625BB0D1C00B4755F /* Debug */ = {
			isa = XCBuildConfiguration;
			buildSettings = {
				ALWAYS_SEARCH_USER_PATHS = NO;
				CLANG_ANALYZER_NONNULL = YES;
				CLANG_ANALYZER_NUMBER_OBJECT_CONVERSION = YES_AGGRESSIVE;
				CLANG_CXX_LANGUAGE_STANDARD = "gnu++14";
				CLANG_CXX_LIBRARY = "libc++";
				CLANG_ENABLE_MODULES = YES;
				CLANG_ENABLE_OBJC_ARC = YES;
				CLANG_ENABLE_OBJC_WEAK = YES;
				CLANG_WARN_BLOCK_CAPTURE_AUTORELEASING = YES;
				CLANG_WARN_BOOL_CONVERSION = YES;
				CLANG_WARN_COMMA = YES;
				CLANG_WARN_CONSTANT_CONVERSION = YES;
				CLANG_WARN_DEPRECATED_OBJC_IMPLEMENTATIONS = YES;
				CLANG_WARN_DIRECT_OBJC_ISA_USAGE = YES_ERROR;
				CLANG_WARN_DOCUMENTATION_COMMENTS = YES;
				CLANG_WARN_EMPTY_BODY = YES;
				CLANG_WARN_ENUM_CONVERSION = YES;
				CLANG_WARN_INFINITE_RECURSION = YES;
				CLANG_WARN_INT_CONVERSION = YES;
				CLANG_WARN_NON_LITERAL_NULL_CONVERSION = YES;
				CLANG_WARN_OBJC_IMPLICIT_RETAIN_SELF = YES;
				CLANG_WARN_OBJC_LITERAL_CONVERSION = YES;
				CLANG_WARN_OBJC_ROOT_CLASS = YES_ERROR;
				CLANG_WARN_QUOTED_INCLUDE_IN_FRAMEWORK_HEADER = YES;
				CLANG_WARN_RANGE_LOOP_ANALYSIS = YES;
				CLANG_WARN_STRICT_PROTOTYPES = YES;
				CLANG_WARN_SUSPICIOUS_MOVE = YES;
				CLANG_WARN_UNGUARDED_AVAILABILITY = YES_AGGRESSIVE;
				CLANG_WARN_UNREACHABLE_CODE = YES;
				CLANG_WARN__DUPLICATE_METHOD_MATCH = YES;
				COPY_PHASE_STRIP = NO;
				DEBUG_INFORMATION_FORMAT = dwarf;
				ENABLE_STRICT_OBJC_MSGSEND = YES;
				ENABLE_TESTABILITY = YES;
				GCC_C_LANGUAGE_STANDARD = gnu11;
				GCC_DYNAMIC_NO_PIC = NO;
				GCC_NO_COMMON_BLOCKS = YES;
				GCC_OPTIMIZATION_LEVEL = 0;
				GCC_PREPROCESSOR_DEFINITIONS = (
					"DEBUG=1",
					"$(inherited)",
				);
				GCC_WARN_64_TO_32_BIT_CONVERSION = YES;
				GCC_WARN_ABOUT_RETURN_TYPE = YES_ERROR;
				GCC_WARN_UNDECLARED_SELECTOR = YES;
				GCC_WARN_UNINITIALIZED_AUTOS = YES_AGGRESSIVE;
				GCC_WARN_UNUSED_FUNCTION = YES;
				GCC_WARN_UNUSED_VARIABLE = YES;
				IPHONEOS_DEPLOYMENT_TARGET = 14.3;
				MTL_ENABLE_DEBUG_INFO = INCLUDE_SOURCE;
				MTL_FAST_MATH = YES;
				ONLY_ACTIVE_ARCH = YES;
				SDKROOT = iphoneos;
				SWIFT_ACTIVE_COMPILATION_CONDITIONS = DEBUG;
				SWIFT_OPTIMIZATION_LEVEL = "-Onone";
			};
			name = Debug;
		};
		2AC72C3725BB0D1C00B4755F /* Release */ = {
			isa = XCBuildConfiguration;
			buildSettings = {
				ALWAYS_SEARCH_USER_PATHS = NO;
				CLANG_ANALYZER_NONNULL = YES;
				CLANG_ANALYZER_NUMBER_OBJECT_CONVERSION = YES_AGGRESSIVE;
				CLANG_CXX_LANGUAGE_STANDARD = "gnu++14";
				CLANG_CXX_LIBRARY = "libc++";
				CLANG_ENABLE_MODULES = YES;
				CLANG_ENABLE_OBJC_ARC = YES;
				CLANG_ENABLE_OBJC_WEAK = YES;
				CLANG_WARN_BLOCK_CAPTURE_AUTORELEASING = YES;
				CLANG_WARN_BOOL_CONVERSION = YES;
				CLANG_WARN_COMMA = YES;
				CLANG_WARN_CONSTANT_CONVERSION = YES;
				CLANG_WARN_DEPRECATED_OBJC_IMPLEMENTATIONS = YES;
				CLANG_WARN_DIRECT_OBJC_ISA_USAGE = YES_ERROR;
				CLANG_WARN_DOCUMENTATION_COMMENTS = YES;
				CLANG_WARN_EMPTY_BODY = YES;
				CLANG_WARN_ENUM_CONVERSION = YES;
				CLANG_WARN_INFINITE_RECURSION = YES;
				CLANG_WARN_INT_CONVERSION = YES;
				CLANG_WARN_NON_LITERAL_NULL_CONVERSION = YES;
				CLANG_WARN_OBJC_IMPLICIT_RETAIN_SELF = YES;
				CLANG_WARN_OBJC_LITERAL_CONVERSION = YES;
				CLANG_WARN_OBJC_ROOT_CLASS = YES_ERROR;
				CLANG_WARN_QUOTED_INCLUDE_IN_FRAMEWORK_HEADER = YES;
				CLANG_WARN_RANGE_LOOP_ANALYSIS = YES;
				CLANG_WARN_STRICT_PROTOTYPES = YES;
				CLANG_WARN_SUSPICIOUS_MOVE = YES;
				CLANG_WARN_UNGUARDED_AVAILABILITY = YES_AGGRESSIVE;
				CLANG_WARN_UNREACHABLE_CODE = YES;
				CLANG_WARN__DUPLICATE_METHOD_MATCH = YES;
				COPY_PHASE_STRIP = NO;
				DEBUG_INFORMATION_FORMAT = "dwarf-with-dsym";
				ENABLE_NS_ASSERTIONS = NO;
				ENABLE_STRICT_OBJC_MSGSEND = YES;
				GCC_C_LANGUAGE_STANDARD = gnu11;
				GCC_NO_COMMON_BLOCKS = YES;
				GCC_WARN_64_TO_32_BIT_CONVERSION = YES;
				GCC_WARN_ABOUT_RETURN_TYPE = YES_ERROR;
				GCC_WARN_UNDECLARED_SELECTOR = YES;
				GCC_WARN_UNINITIALIZED_AUTOS = YES_AGGRESSIVE;
				GCC_WARN_UNUSED_FUNCTION = YES;
				GCC_WARN_UNUSED_VARIABLE = YES;
				IPHONEOS_DEPLOYMENT_TARGET = 14.3;
				MTL_ENABLE_DEBUG_INFO = NO;
				MTL_FAST_MATH = YES;
				SDKROOT = iphoneos;
				SWIFT_COMPILATION_MODE = wholemodule;
				SWIFT_OPTIMIZATION_LEVEL = "-O";
				VALIDATE_PRODUCT = YES;
			};
			name = Release;
		};
		2AC72C3925BB0D1C00B4755F /* Debug */ = {
			isa = XCBuildConfiguration;
			buildSettings = {
				ASSETCATALOG_COMPILER_APPICON_NAME = AppIcon;
				ASSETCATALOG_COMPILER_GLOBAL_ACCENT_COLOR_NAME = AccentColor;
				CODE_SIGN_STYLE = Automatic;
				DEVELOPMENT_ASSET_PATHS = "\"watcher-ios/Preview Content\"";
				DEVELOPMENT_TEAM = HU55RYH3QE;
				ENABLE_PREVIEWS = YES;
				INFOPLIST_FILE = "watcher-ios/Info.plist";
				IPHONEOS_DEPLOYMENT_TARGET = 14.0;
				LD_RUNPATH_SEARCH_PATHS = (
					"$(inherited)",
					"@executable_path/Frameworks",
				);
				PRODUCT_BUNDLE_IDENTIFIER = "potados.watcher-ios";
				PRODUCT_NAME = "$(TARGET_NAME)";
				SWIFT_VERSION = 5.0;
				TARGETED_DEVICE_FAMILY = "1,2";
			};
			name = Debug;
		};
		2AC72C3A25BB0D1C00B4755F /* Release */ = {
			isa = XCBuildConfiguration;
			buildSettings = {
				ASSETCATALOG_COMPILER_APPICON_NAME = AppIcon;
				ASSETCATALOG_COMPILER_GLOBAL_ACCENT_COLOR_NAME = AccentColor;
				CODE_SIGN_STYLE = Automatic;
				DEVELOPMENT_ASSET_PATHS = "\"watcher-ios/Preview Content\"";
				DEVELOPMENT_TEAM = HU55RYH3QE;
				ENABLE_PREVIEWS = YES;
				INFOPLIST_FILE = "watcher-ios/Info.plist";
				IPHONEOS_DEPLOYMENT_TARGET = 14.0;
				LD_RUNPATH_SEARCH_PATHS = (
					"$(inherited)",
					"@executable_path/Frameworks",
				);
				PRODUCT_BUNDLE_IDENTIFIER = "potados.watcher-ios";
				PRODUCT_NAME = "$(TARGET_NAME)";
				SWIFT_VERSION = 5.0;
				TARGETED_DEVICE_FAMILY = "1,2";
			};
			name = Release;
		};
		2AC72C3C25BB0D1C00B4755F /* Debug */ = {
			isa = XCBuildConfiguration;
			buildSettings = {
				ALWAYS_EMBED_SWIFT_STANDARD_LIBRARIES = YES;
				BUNDLE_LOADER = "$(TEST_HOST)";
				CODE_SIGN_STYLE = Automatic;
				DEVELOPMENT_TEAM = HU55RYH3QE;
				INFOPLIST_FILE = "watcher-iosTests/Info.plist";
				IPHONEOS_DEPLOYMENT_TARGET = 14.0;
				LD_RUNPATH_SEARCH_PATHS = (
					"$(inherited)",
					"@executable_path/Frameworks",
					"@loader_path/Frameworks",
				);
				PRODUCT_BUNDLE_IDENTIFIER = "potados.watcher-iosTests";
				PRODUCT_NAME = "$(TARGET_NAME)";
				SWIFT_VERSION = 5.0;
				TARGETED_DEVICE_FAMILY = "1,2";
				TEST_HOST = "$(BUILT_PRODUCTS_DIR)/watcher-ios.app/watcher-ios";
			};
			name = Debug;
		};
		2AC72C3D25BB0D1C00B4755F /* Release */ = {
			isa = XCBuildConfiguration;
			buildSettings = {
				ALWAYS_EMBED_SWIFT_STANDARD_LIBRARIES = YES;
				BUNDLE_LOADER = "$(TEST_HOST)";
				CODE_SIGN_STYLE = Automatic;
				DEVELOPMENT_TEAM = HU55RYH3QE;
				INFOPLIST_FILE = "watcher-iosTests/Info.plist";
				IPHONEOS_DEPLOYMENT_TARGET = 14.0;
				LD_RUNPATH_SEARCH_PATHS = (
					"$(inherited)",
					"@executable_path/Frameworks",
					"@loader_path/Frameworks",
				);
				PRODUCT_BUNDLE_IDENTIFIER = "potados.watcher-iosTests";
				PRODUCT_NAME = "$(TARGET_NAME)";
				SWIFT_VERSION = 5.0;
				TARGETED_DEVICE_FAMILY = "1,2";
				TEST_HOST = "$(BUILT_PRODUCTS_DIR)/watcher-ios.app/watcher-ios";
			};
			name = Release;
		};
		2AC72C3F25BB0D1C00B4755F /* Debug */ = {
			isa = XCBuildConfiguration;
			buildSettings = {
				ALWAYS_EMBED_SWIFT_STANDARD_LIBRARIES = YES;
				CODE_SIGN_STYLE = Automatic;
				DEVELOPMENT_TEAM = HU55RYH3QE;
				INFOPLIST_FILE = "watcher-iosUITests/Info.plist";
				LD_RUNPATH_SEARCH_PATHS = (
					"$(inherited)",
					"@executable_path/Frameworks",
					"@loader_path/Frameworks",
				);
				PRODUCT_BUNDLE_IDENTIFIER = "potados.watcher-iosUITests";
				PRODUCT_NAME = "$(TARGET_NAME)";
				SWIFT_VERSION = 5.0;
				TARGETED_DEVICE_FAMILY = "1,2";
				TEST_TARGET_NAME = "watcher-ios";
			};
			name = Debug;
		};
		2AC72C4025BB0D1C00B4755F /* Release */ = {
			isa = XCBuildConfiguration;
			buildSettings = {
				ALWAYS_EMBED_SWIFT_STANDARD_LIBRARIES = YES;
				CODE_SIGN_STYLE = Automatic;
				DEVELOPMENT_TEAM = HU55RYH3QE;
				INFOPLIST_FILE = "watcher-iosUITests/Info.plist";
				LD_RUNPATH_SEARCH_PATHS = (
					"$(inherited)",
					"@executable_path/Frameworks",
					"@loader_path/Frameworks",
				);
				PRODUCT_BUNDLE_IDENTIFIER = "potados.watcher-iosUITests";
				PRODUCT_NAME = "$(TARGET_NAME)";
				SWIFT_VERSION = 5.0;
				TARGETED_DEVICE_FAMILY = "1,2";
				TEST_TARGET_NAME = "watcher-ios";
			};
			name = Release;
		};
/* End XCBuildConfiguration section */

/* Begin XCConfigurationList section */
		2AC72C0E25BB0D1700B4755F /* Build configuration list for PBXProject "watcher-ios" */ = {
			isa = XCConfigurationList;
			buildConfigurations = (
				2AC72C3625BB0D1C00B4755F /* Debug */,
				2AC72C3725BB0D1C00B4755F /* Release */,
			);
			defaultConfigurationIsVisible = 0;
			defaultConfigurationName = Release;
		};
		2AC72C3825BB0D1C00B4755F /* Build configuration list for PBXNativeTarget "watcher-ios" */ = {
			isa = XCConfigurationList;
			buildConfigurations = (
				2AC72C3925BB0D1C00B4755F /* Debug */,
				2AC72C3A25BB0D1C00B4755F /* Release */,
			);
			defaultConfigurationIsVisible = 0;
			defaultConfigurationName = Release;
		};
		2AC72C3B25BB0D1C00B4755F /* Build configuration list for PBXNativeTarget "watcher-iosTests" */ = {
			isa = XCConfigurationList;
			buildConfigurations = (
				2AC72C3C25BB0D1C00B4755F /* Debug */,
				2AC72C3D25BB0D1C00B4755F /* Release */,
			);
			defaultConfigurationIsVisible = 0;
			defaultConfigurationName = Release;
		};
		2AC72C3E25BB0D1C00B4755F /* Build configuration list for PBXNativeTarget "watcher-iosUITests" */ = {
			isa = XCConfigurationList;
			buildConfigurations = (
				2AC72C3F25BB0D1C00B4755F /* Debug */,
				2AC72C4025BB0D1C00B4755F /* Release */,
			);
			defaultConfigurationIsVisible = 0;
			defaultConfigurationName = Release;
		};
/* End XCConfigurationList section */
	};
	rootObject = 2AC72C0B25BB0D1700B4755F /* Project object */;
}
